{
    "version": 3,
    "terraform_version": "0.8.2",
    "serial": 118,
    "lineage": "4ab86092-88bc-4f43-82ee-3187bc07f2df",
    "modules": [
        {
            "path": [
                "root"
            ],
            "outputs": {},
            "resources": {
                "aws_eip.eip_vip": {
                    "type": "aws_eip",
                    "depends_on": [
                        "aws_network_interface.internal"
                    ],
                    "primary": {
                        "id": "eipalloc-1c437122",
                        "attributes": {
                            "associate_with_private_ip": "10.0.2.183",
                            "association_id": "eipassoc-de3839e0",
                            "domain": "vpc",
                            "id": "eipalloc-1c437122",
                            "instance": "i-043071dd18d6a27ea",
                            "network_interface": "eni-9b28b07a",
                            "private_ip": "10.0.2.183",
                            "public_ip": "34.198.188.227",
                            "vpc": "true"
                        },
                        "meta": {},
                        "tainted": false
                    },
                    "deposed": [],
                    "provider": ""
                },
                "aws_instance.ami1": {
                    "type": "aws_instance",
                    "depends_on": [
                        "aws_security_group.allow_all",
                        "aws_subnet.internal",
                        "aws_subnet.internal"
                    ],
                    "primary": {
                        "id": "i-0242fd177b2b3865e",
                        "attributes": {
                            "ami": "ami-9be6f38c",
                            "associate_public_ip_address": "true",
                            "availability_zone": "us-east-1a",
                            "disable_api_termination": "false",
                            "ebs_block_device.#": "0",
                            "ebs_optimized": "false",
                            "ephemeral_block_device.#": "0",
                            "iam_instance_profile": "",
                            "id": "i-0242fd177b2b3865e",
                            "instance_state": "running",
                            "instance_type": "t2.micro",
                            "key_name": "terraform",
                            "monitoring": "false",
                            "network_interface_id": "eni-4b32aaaa",
                            "private_dns": "ip-10-0-2-167.ec2.internal",
                            "private_ip": "10.0.2.167",
                            "public_dns": "",
                            "public_ip": "54.152.190.230",
                            "root_block_device.#": "1",
                            "root_block_device.0.delete_on_termination": "true",
                            "root_block_device.0.iops": "0",
                            "root_block_device.0.volume_size": "8",
                            "root_block_device.0.volume_type": "standard",
                            "security_groups.#": "0",
                            "source_dest_check": "true",
                            "subnet_id": "subnet-19e5d950",
                            "tags.%": "1",
                            "tags.Name": "ami1",
                            "tenancy": "default",
                            "user_data": "449b63a97bee377345743aaccc480cb8b83a65ac",
                            "vpc_security_group_ids.#": "1",
                            "vpc_security_group_ids.2641396767": "sg-244ec258"
                        },
                        "meta": {
                            "schema_version": "1"
                        },
                        "tainted": false
                    },
                    "deposed": [],
                    "provider": ""
                },
                "aws_instance.f5": {
                    "type": "aws_instance",
                    "depends_on": [
                        "aws_security_group.allow_all",
                        "aws_subnet.management",
                        "aws_subnet.management"
                    ],
                    "primary": {
                        "id": "i-043071dd18d6a27ea",
                        "attributes": {
                            "ami": "ami-8f007b98",
                            "associate_public_ip_address": "true",
                            "availability_zone": "us-east-1a",
                            "disable_api_termination": "false",
                            "ebs_block_device.#": "1",
                            "ebs_block_device.1624840580.delete_on_termination": "false",
                            "ebs_block_device.1624840580.device_name": "/dev/xvdb",
                            "ebs_block_device.1624840580.encrypted": "false",
                            "ebs_block_device.1624840580.iops": "0",
                            "ebs_block_device.1624840580.snapshot_id": "snap-0a1430cc2f3b4cdff",
                            "ebs_block_device.1624840580.volume_size": "20",
                            "ebs_block_device.1624840580.volume_type": "standard",
                            "ebs_optimized": "false",
                            "ephemeral_block_device.#": "0",
                            "iam_instance_profile": "",
                            "id": "i-043071dd18d6a27ea",
                            "instance_state": "running",
                            "instance_type": "m4.xlarge",
                            "key_name": "terraform",
                            "monitoring": "false",
                            "network_interface_id": "eni-a837af49",
                            "private_dns": "ip-10-0-0-10.ec2.internal",
                            "private_ip": "10.0.0.10",
                            "public_dns": "",
                            "public_ip": "54.89.64.179",
                            "root_block_device.#": "1",
                            "root_block_device.0.delete_on_termination": "true",
                            "root_block_device.0.iops": "0",
                            "root_block_device.0.volume_size": "126",
                            "root_block_device.0.volume_type": "standard",
                            "security_groups.#": "0",
                            "source_dest_check": "true",
                            "subnet_id": "subnet-06e5d94f",
                            "tags.%": "1",
                            "tags.Name": "f5",
                            "tenancy": "default",
                            "user_data": "39d338b1b52ee206f3ea15258233e3e2bd7b9924",
                            "vpc_security_group_ids.#": "1",
                            "vpc_security_group_ids.2641396767": "sg-244ec258"
                        },
                        "meta": {
                            "schema_version": "1"
                        },
                        "tainted": false
                    },
                    "deposed": [],
                    "provider": ""
                },
                "aws_internet_gateway.default": {
                    "type": "aws_internet_gateway",
                    "depends_on": [
                        "aws_vpc.default"
                    ],
                    "primary": {
                        "id": "igw-a43e68c3",
                        "attributes": {
                            "id": "igw-a43e68c3",
                            "tags.%": "1",
                            "tags.Name": "default",
                            "vpc_id": "vpc-bbf061dd"
                        },
                        "meta": {},
                        "tainted": false
                    },
                    "deposed": [],
                    "provider": ""
                },
                "aws_key_pair.auth": {
                    "type": "aws_key_pair",
                    "depends_on": [],
                    "primary": {
                        "id": "terraform",
                        "attributes": {
                            "id": "terraform",
                            "key_name": "terraform",
                            "public_key": "ssh-rsa AAAAB3NzaC1yc2EAAAADAQABAAABAQC2dVMU6SeatZCC2zoh+VLHaS5XnKFD9zcCl5z7QYF5OsQvWlEW5h3mKpgfsYgpAQxsDVfY6Bhr1p6ftuibVkBidYLge6ayoWH6nnluEVYEXK/tFE2IQcS+YQ7dh/CMbC4nH4jky52HjNNVH+CdSZNG6PlWIhQtEDAgfY0JZLjMK2IMh+Zs5oqw3trslt5VoYGF3Ih9pwlgYy1J7YOh6X52kB0T3GCGidaMkqQdHI7ISaSL2/MotWeenu/RKL962/0paJKFPHcScDPhM8iSsMxTHsfzKOGVlch7NcEcDpIlzYz/nJbV+Haug6MWYdgcLa/VWNZOlgqESXGEBLbQiN/7 mcgonagle@FLD-ML-MCGONAGL"
                        },
                        "meta": {
                            "schema_version": "1"
                        },
                        "tainted": false
                    },
                    "deposed": [],
                    "provider": ""
                },
                "aws_network_interface.external": {
                    "type": "aws_network_interface",
                    "depends_on": [
                        "aws_instance.f5",
                        "aws_security_group.allow_all",
                        "aws_subnet.external"
                    ],
                    "primary": {
                        "id": "eni-3b28b0da",
                        "attributes": {
                            "attachment.#": "1",
                            "attachment.479641569.attachment_id": "eni-attach-804bddc3",
                            "attachment.479641569.device_index": "1",
                            "attachment.479641569.instance": "i-043071dd18d6a27ea",
                            "description": "",
                            "id": "eni-3b28b0da",
                            "private_ips.#": "1",
                            "private_ips.625443963": "10.0.1.10",
                            "security_groups.#": "1",
                            "security_groups.2641396767": "sg-244ec258",
                            "source_dest_check": "true",
                            "subnet_id": "subnet-18e5d951",
                            "tags.%": "0"
                        },
                        "meta": {},
                        "tainted": false
                    },
                    "deposed": [],
                    "provider": ""
                },
                "aws_network_interface.internal": {
                    "type": "aws_network_interface",
                    "depends_on": [
                        "aws_instance.f5",
                        "aws_security_group.allow_all",
                        "aws_subnet.internal"
                    ],
                    "primary": {
                        "id": "eni-9b28b07a",
                        "attributes": {
                            "attachment.#": "1",
                            "attachment.935062562.attachment_id": "eni-attach-004bdd43",
                            "attachment.935062562.device_index": "2",
                            "attachment.935062562.instance": "i-043071dd18d6a27ea",
                            "description": "",
                            "id": "eni-9b28b07a",
                            "private_ips.#": "2",
                            "private_ips.626626931": "10.0.2.183",
                            "private_ips.938617749": "10.0.2.10",
                            "security_groups.#": "1",
                            "security_groups.2641396767": "sg-244ec258",
                            "source_dest_check": "true",
                            "subnet_id": "subnet-19e5d950",
                            "tags.%": "0"
                        },
                        "meta": {},
                        "tainted": false
                    },
                    "deposed": [],
                    "provider": ""
                },
                "aws_route.internet_access": {
                    "type": "aws_route",
                    "depends_on": [
                        "aws_internet_gateway.default",
                        "aws_vpc.default"
                    ],
                    "primary": {
                        "id": "r-rtb-cd8a5ab41080289494",
                        "attributes": {
                            "destination_cidr_block": "0.0.0.0/0",
                            "destination_prefix_list_id": "",
                            "gateway_id": "igw-a43e68c3",
                            "id": "r-rtb-cd8a5ab41080289494",
                            "instance_id": "",
                            "instance_owner_id": "",
                            "nat_gateway_id": "",
                            "network_interface_id": "",
                            "origin": "CreateRoute",
                            "route_table_id": "rtb-cd8a5ab4",
                            "state": "active",
                            "vpc_peering_connection_id": ""
                        },
                        "meta": {},
                        "tainted": false
                    },
                    "deposed": [],
                    "provider": ""
                },
                "aws_route_table_association.route_table_external": {
                    "type": "aws_route_table_association",
                    "depends_on": [
                        "aws_subnet.external",
                        "aws_vpc.default"
                    ],
                    "primary": {
                        "id": "rtbassoc-ca209bb2",
                        "attributes": {
                            "id": "rtbassoc-ca209bb2",
                            "route_table_id": "rtb-cd8a5ab4",
                            "subnet_id": "subnet-18e5d951"
                        },
                        "meta": {},
                        "tainted": false
                    },
                    "deposed": [],
                    "provider": ""
                },
                "aws_route_table_association.route_table_internal": {
                    "type": "aws_route_table_association",
                    "depends_on": [
                        "aws_subnet.internal",
                        "aws_vpc.default"
                    ],
                    "primary": {
                        "id": "rtbassoc-ce209bb6",
                        "attributes": {
                            "id": "rtbassoc-ce209bb6",
                            "route_table_id": "rtb-cd8a5ab4",
                            "subnet_id": "subnet-19e5d950"
                        },
                        "meta": {},
                        "tainted": false
                    },
                    "deposed": [],
                    "provider": ""
                },
                "aws_security_group.allow_all": {
                    "type": "aws_security_group",
                    "depends_on": [
                        "aws_vpc.default"
                    ],
                    "primary": {
                        "id": "sg-244ec258",
                        "attributes": {
                            "description": "Used in the terraform",
                            "egress.#": "1",
                            "egress.482069346.cidr_blocks.#": "1",
                            "egress.482069346.cidr_blocks.0": "0.0.0.0/0",
                            "egress.482069346.from_port": "0",
                            "egress.482069346.prefix_list_ids.#": "0",
                            "egress.482069346.protocol": "-1",
                            "egress.482069346.security_groups.#": "0",
                            "egress.482069346.self": "false",
                            "egress.482069346.to_port": "0",
                            "id": "sg-244ec258",
                            "ingress.#": "1",
                            "ingress.482069346.cidr_blocks.#": "1",
                            "ingress.482069346.cidr_blocks.0": "0.0.0.0/0",
                            "ingress.482069346.from_port": "0",
                            "ingress.482069346.protocol": "-1",
                            "ingress.482069346.security_groups.#": "0",
                            "ingress.482069346.self": "false",
                            "ingress.482069346.to_port": "0",
                            "name": "allow_all",
                            "owner_id": "313092853311",
                            "tags.%": "0",
                            "vpc_id": "vpc-bbf061dd"
                        },
                        "meta": {},
                        "tainted": false
                    },
                    "deposed": [],
                    "provider": ""
                },
                "aws_subnet.external": {
                    "type": "aws_subnet",
                    "depends_on": [
                        "aws_vpc.default"
                    ],
                    "primary": {
                        "id": "subnet-18e5d951",
                        "attributes": {
                            "availability_zone": "us-east-1a",
                            "cidr_block": "10.0.1.0/24",
                            "id": "subnet-18e5d951",
                            "map_public_ip_on_launch": "true",
                            "tags.%": "1",
                            "tags.Name": "external",
                            "vpc_id": "vpc-bbf061dd"
                        },
                        "meta": {},
                        "tainted": false
                    },
                    "deposed": [],
                    "provider": ""
                },
                "aws_subnet.internal": {
                    "type": "aws_subnet",
                    "depends_on": [
                        "aws_vpc.default"
                    ],
                    "primary": {
                        "id": "subnet-19e5d950",
                        "attributes": {
                            "availability_zone": "us-east-1a",
                            "cidr_block": "10.0.2.0/24",
                            "id": "subnet-19e5d950",
                            "map_public_ip_on_launch": "true",
                            "tags.%": "1",
                            "tags.Name": "internal",
                            "vpc_id": "vpc-bbf061dd"
                        },
                        "meta": {},
                        "tainted": false
                    },
                    "deposed": [],
                    "provider": ""
                },
                "aws_subnet.management": {
                    "type": "aws_subnet",
                    "depends_on": [
                        "aws_vpc.default"
                    ],
                    "primary": {
                        "id": "subnet-06e5d94f",
                        "attributes": {
                            "availability_zone": "us-east-1a",
                            "cidr_block": "10.0.0.0/24",
                            "id": "subnet-06e5d94f",
                            "map_public_ip_on_launch": "true",
                            "tags.%": "1",
                            "tags.Name": "management",
                            "vpc_id": "vpc-bbf061dd"
                        },
                        "meta": {},
                        "tainted": false
                    },
                    "deposed": [],
                    "provider": ""
                },
                "aws_vpc.default": {
                    "type": "aws_vpc",
                    "depends_on": [],
                    "primary": {
                        "id": "vpc-bbf061dd",
                        "attributes": {
                            "cidr_block": "10.0.0.0/16",
                            "default_network_acl_id": "acl-0cc8926a",
                            "default_route_table_id": "rtb-cd8a5ab4",
                            "default_security_group_id": "sg-554ec229",
                            "dhcp_options_id": "dopt-e0acf285",
                            "enable_classiclink": "false",
                            "enable_dns_hostnames": "false",
                            "enable_dns_support": "true",
                            "id": "vpc-bbf061dd",
                            "instance_tenancy": "default",
                            "main_route_table_id": "rtb-cd8a5ab4",
                            "tags.%": "1",
                            "tags.Name": "default"
                        },
                        "meta": {},
                        "tainted": false
                    },
                    "deposed": [],
                    "provider": ""
                }
            },
            "depends_on": []
        }
    ]
}
