{
    "version": 3,
    "terraform_version": "0.8.2",
    "serial": 116,
    "lineage": "4ab86092-88bc-4f43-82ee-3187bc07f2df",
    "modules": [
        {
            "path": [
                "root"
            ],
            "outputs": {},
            "resources": {
                "aws_eip.eip_vip": {
                    "type": "aws_eip",
                    "depends_on": [
                        "aws_network_interface.internal"
                    ],
                    "primary": {
                        "id": "eipalloc-817848bf",
                        "attributes": {
                            "associate_with_private_ip": "10.0.2.183",
                            "association_id": "eipassoc-944740aa",
                            "domain": "vpc",
                            "id": "eipalloc-817848bf",
                            "instance": "i-0d92d6192309e38a0",
                            "network_interface": "eni-085fcde9",
                            "private_ip": "10.0.2.183",
                            "public_ip": "34.198.184.132",
                            "vpc": "true"
                        },
                        "meta": {},
                        "tainted": false
                    },
                    "deposed": [],
                    "provider": ""
                },
                "aws_instance.ami1": {
                    "type": "aws_instance",
                    "depends_on": [
                        "aws_security_group.allow_all",
                        "aws_subnet.internal",
                        "aws_subnet.internal"
                    ],
                    "primary": {
                        "id": "i-0fe110cf101c41595",
                        "attributes": {
                            "ami": "ami-9be6f38c",
                            "associate_public_ip_address": "true",
                            "availability_zone": "us-east-1a",
                            "disable_api_termination": "false",
                            "ebs_block_device.#": "0",
                            "ebs_optimized": "false",
                            "ephemeral_block_device.#": "0",
                            "iam_instance_profile": "",
                            "id": "i-0fe110cf101c41595",
                            "instance_state": "running",
                            "instance_type": "t2.micro",
                            "key_name": "terraform",
                            "monitoring": "false",
                            "network_interface_id": "eni-f45fcd15",
                            "private_dns": "ip-10-0-2-167.ec2.internal",
                            "private_ip": "10.0.2.167",
                            "public_dns": "",
                            "public_ip": "54.173.116.141",
                            "root_block_device.#": "1",
                            "root_block_device.0.delete_on_termination": "true",
                            "root_block_device.0.iops": "0",
                            "root_block_device.0.volume_size": "8",
                            "root_block_device.0.volume_type": "standard",
                            "security_groups.#": "0",
                            "source_dest_check": "true",
                            "subnet_id": "subnet-446a560d",
                            "tags.%": "1",
                            "tags.Name": "ami1",
                            "tenancy": "default",
                            "user_data": "449b63a97bee377345743aaccc480cb8b83a65ac",
                            "vpc_security_group_ids.#": "1",
                            "vpc_security_group_ids.703045550": "sg-7bfd7e07"
                        },
                        "meta": {
                            "schema_version": "1"
                        },
                        "tainted": false
                    },
                    "deposed": [],
                    "provider": ""
                },
                "aws_instance.f5": {
                    "type": "aws_instance",
                    "depends_on": [
                        "aws_security_group.allow_all",
                        "aws_subnet.management",
                        "aws_subnet.management"
                    ],
                    "primary": {
                        "id": "i-0d92d6192309e38a0",
                        "attributes": {
                            "ami": "ami-8f007b98",
                            "associate_public_ip_address": "true",
                            "availability_zone": "us-east-1a",
                            "disable_api_termination": "false",
                            "ebs_block_device.#": "1",
                            "ebs_block_device.1624840580.delete_on_termination": "false",
                            "ebs_block_device.1624840580.device_name": "/dev/xvdb",
                            "ebs_block_device.1624840580.encrypted": "false",
                            "ebs_block_device.1624840580.iops": "0",
                            "ebs_block_device.1624840580.snapshot_id": "snap-0a1430cc2f3b4cdff",
                            "ebs_block_device.1624840580.volume_size": "20",
                            "ebs_block_device.1624840580.volume_type": "standard",
                            "ebs_optimized": "false",
                            "ephemeral_block_device.#": "0",
                            "iam_instance_profile": "",
                            "id": "i-0d92d6192309e38a0",
                            "instance_state": "running",
                            "instance_type": "m4.xlarge",
                            "key_name": "terraform",
                            "monitoring": "false",
                            "network_interface_id": "eni-3754c6d6",
                            "private_dns": "ip-10-0-0-10.ec2.internal",
                            "private_ip": "10.0.0.10",
                            "public_dns": "",
                            "public_ip": "54.174.69.110",
                            "root_block_device.#": "1",
                            "root_block_device.0.delete_on_termination": "true",
                            "root_block_device.0.iops": "0",
                            "root_block_device.0.volume_size": "126",
                            "root_block_device.0.volume_type": "standard",
                            "security_groups.#": "0",
                            "source_dest_check": "true",
                            "subnet_id": "subnet-466a560f",
                            "tags.%": "1",
                            "tags.Name": "f5",
                            "tenancy": "default",
                            "user_data": "39d338b1b52ee206f3ea15258233e3e2bd7b9924",
                            "vpc_security_group_ids.#": "1",
                            "vpc_security_group_ids.703045550": "sg-7bfd7e07"
                        },
                        "meta": {
                            "schema_version": "1"
                        },
                        "tainted": false
                    },
                    "deposed": [],
                    "provider": ""
                },
                "aws_internet_gateway.default": {
                    "type": "aws_internet_gateway",
                    "depends_on": [
                        "aws_vpc.default"
                    ],
                    "primary": {
                        "id": "igw-2084d347",
                        "attributes": {
                            "id": "igw-2084d347",
                            "tags.%": "1",
                            "tags.Name": "default",
                            "vpc_id": "vpc-0457c162"
                        },
                        "meta": {},
                        "tainted": false
                    },
                    "deposed": [],
                    "provider": ""
                },
                "aws_key_pair.auth": {
                    "type": "aws_key_pair",
                    "depends_on": [],
                    "primary": {
                        "id": "terraform",
                        "attributes": {
                            "id": "terraform",
                            "key_name": "terraform",
                            "public_key": "ssh-rsa AAAAB3NzaC1yc2EAAAADAQABAAABAQC2dVMU6SeatZCC2zoh+VLHaS5XnKFD9zcCl5z7QYF5OsQvWlEW5h3mKpgfsYgpAQxsDVfY6Bhr1p6ftuibVkBidYLge6ayoWH6nnluEVYEXK/tFE2IQcS+YQ7dh/CMbC4nH4jky52HjNNVH+CdSZNG6PlWIhQtEDAgfY0JZLjMK2IMh+Zs5oqw3trslt5VoYGF3Ih9pwlgYy1J7YOh6X52kB0T3GCGidaMkqQdHI7ISaSL2/MotWeenu/RKL962/0paJKFPHcScDPhM8iSsMxTHsfzKOGVlch7NcEcDpIlzYz/nJbV+Haug6MWYdgcLa/VWNZOlgqESXGEBLbQiN/7 mcgonagle@FLD-ML-MCGONAGL"
                        },
                        "meta": {
                            "schema_version": "1"
                        },
                        "tainted": false
                    },
                    "deposed": [],
                    "provider": ""
                },
                "aws_network_interface.external": {
                    "type": "aws_network_interface",
                    "depends_on": [
                        "aws_instance.f5",
                        "aws_security_group.allow_all",
                        "aws_subnet.external"
                    ],
                    "primary": {
                        "id": "eni-7e59cb9f",
                        "attributes": {
                            "attachment.#": "1",
                            "attachment.2102950195.attachment_id": "eni-attach-580b831b",
                            "attachment.2102950195.device_index": "1",
                            "attachment.2102950195.instance": "i-0d92d6192309e38a0",
                            "description": "",
                            "id": "eni-7e59cb9f",
                            "private_ips.#": "1",
                            "private_ips.625443963": "10.0.1.10",
                            "security_groups.#": "1",
                            "security_groups.703045550": "sg-7bfd7e07",
                            "source_dest_check": "true",
                            "subnet_id": "subnet-476a560e",
                            "tags.%": "0"
                        },
                        "meta": {},
                        "tainted": false
                    },
                    "deposed": [],
                    "provider": ""
                },
                "aws_network_interface.internal": {
                    "type": "aws_network_interface",
                    "depends_on": [
                        "aws_instance.f5",
                        "aws_security_group.allow_all",
                        "aws_subnet.internal"
                    ],
                    "primary": {
                        "id": "eni-085fcde9",
                        "attributes": {
                            "attachment.#": "1",
                            "attachment.1450519280.attachment_id": "eni-attach-120c8451",
                            "attachment.1450519280.device_index": "2",
                            "attachment.1450519280.instance": "i-0d92d6192309e38a0",
                            "description": "",
                            "id": "eni-085fcde9",
                            "private_ips.#": "2",
                            "private_ips.626626931": "10.0.2.183",
                            "private_ips.938617749": "10.0.2.10",
                            "security_groups.#": "1",
                            "security_groups.703045550": "sg-7bfd7e07",
                            "source_dest_check": "true",
                            "subnet_id": "subnet-446a560d",
                            "tags.%": "0"
                        },
                        "meta": {},
                        "tainted": false
                    },
                    "deposed": [],
                    "provider": ""
                },
                "aws_route.internet_access": {
                    "type": "aws_route",
                    "depends_on": [
                        "aws_internet_gateway.default",
                        "aws_vpc.default"
                    ],
                    "primary": {
                        "id": "r-rtb-6bc918121080289494",
                        "attributes": {
                            "destination_cidr_block": "0.0.0.0/0",
                            "destination_prefix_list_id": "",
                            "gateway_id": "igw-2084d347",
                            "id": "r-rtb-6bc918121080289494",
                            "instance_id": "",
                            "instance_owner_id": "",
                            "nat_gateway_id": "",
                            "network_interface_id": "",
                            "origin": "CreateRoute",
                            "route_table_id": "rtb-6bc91812",
                            "state": "active",
                            "vpc_peering_connection_id": ""
                        },
                        "meta": {},
                        "tainted": false
                    },
                    "deposed": [],
                    "provider": ""
                },
                "aws_route_table_association.route_table_external": {
                    "type": "aws_route_table_association",
                    "depends_on": [
                        "aws_subnet.external",
                        "aws_vpc.default"
                    ],
                    "primary": {
                        "id": "rtbassoc-51ae1729",
                        "attributes": {
                            "id": "rtbassoc-51ae1729",
                            "route_table_id": "rtb-6bc91812",
                            "subnet_id": "subnet-476a560e"
                        },
                        "meta": {},
                        "tainted": false
                    },
                    "deposed": [],
                    "provider": ""
                },
                "aws_route_table_association.route_table_internal": {
                    "type": "aws_route_table_association",
                    "depends_on": [
                        "aws_subnet.internal",
                        "aws_vpc.default"
                    ],
                    "primary": {
                        "id": "rtbassoc-5fae1727",
                        "attributes": {
                            "id": "rtbassoc-5fae1727",
                            "route_table_id": "rtb-6bc91812",
                            "subnet_id": "subnet-446a560d"
                        },
                        "meta": {},
                        "tainted": false
                    },
                    "deposed": [],
                    "provider": ""
                },
                "aws_security_group.allow_all": {
                    "type": "aws_security_group",
                    "depends_on": [
                        "aws_vpc.default"
                    ],
                    "primary": {
                        "id": "sg-7bfd7e07",
                        "attributes": {
                            "description": "Used in the terraform",
                            "egress.#": "1",
                            "egress.482069346.cidr_blocks.#": "1",
                            "egress.482069346.cidr_blocks.0": "0.0.0.0/0",
                            "egress.482069346.from_port": "0",
                            "egress.482069346.prefix_list_ids.#": "0",
                            "egress.482069346.protocol": "-1",
                            "egress.482069346.security_groups.#": "0",
                            "egress.482069346.self": "false",
                            "egress.482069346.to_port": "0",
                            "id": "sg-7bfd7e07",
                            "ingress.#": "1",
                            "ingress.482069346.cidr_blocks.#": "1",
                            "ingress.482069346.cidr_blocks.0": "0.0.0.0/0",
                            "ingress.482069346.from_port": "0",
                            "ingress.482069346.protocol": "-1",
                            "ingress.482069346.security_groups.#": "0",
                            "ingress.482069346.self": "false",
                            "ingress.482069346.to_port": "0",
                            "name": "allow_all",
                            "owner_id": "313092853311",
                            "tags.%": "0",
                            "vpc_id": "vpc-0457c162"
                        },
                        "meta": {},
                        "tainted": false
                    },
                    "deposed": [],
                    "provider": ""
                },
                "aws_subnet.external": {
                    "type": "aws_subnet",
                    "depends_on": [
                        "aws_vpc.default"
                    ],
                    "primary": {
                        "id": "subnet-476a560e",
                        "attributes": {
                            "availability_zone": "us-east-1a",
                            "cidr_block": "10.0.1.0/24",
                            "id": "subnet-476a560e",
                            "map_public_ip_on_launch": "true",
                            "tags.%": "1",
                            "tags.Name": "external",
                            "vpc_id": "vpc-0457c162"
                        },
                        "meta": {},
                        "tainted": false
                    },
                    "deposed": [],
                    "provider": ""
                },
                "aws_subnet.internal": {
                    "type": "aws_subnet",
                    "depends_on": [
                        "aws_vpc.default"
                    ],
                    "primary": {
                        "id": "subnet-446a560d",
                        "attributes": {
                            "availability_zone": "us-east-1a",
                            "cidr_block": "10.0.2.0/24",
                            "id": "subnet-446a560d",
                            "map_public_ip_on_launch": "true",
                            "tags.%": "1",
                            "tags.Name": "internal",
                            "vpc_id": "vpc-0457c162"
                        },
                        "meta": {},
                        "tainted": false
                    },
                    "deposed": [],
                    "provider": ""
                },
                "aws_subnet.management": {
                    "type": "aws_subnet",
                    "depends_on": [
                        "aws_vpc.default"
                    ],
                    "primary": {
                        "id": "subnet-466a560f",
                        "attributes": {
                            "availability_zone": "us-east-1a",
                            "cidr_block": "10.0.0.0/24",
                            "id": "subnet-466a560f",
                            "map_public_ip_on_launch": "true",
                            "tags.%": "1",
                            "tags.Name": "management",
                            "vpc_id": "vpc-0457c162"
                        },
                        "meta": {},
                        "tainted": false
                    },
                    "deposed": [],
                    "provider": ""
                },
                "aws_vpc.default": {
                    "type": "aws_vpc",
                    "depends_on": [],
                    "primary": {
                        "id": "vpc-0457c162",
                        "attributes": {
                            "cidr_block": "10.0.0.0/16",
                            "default_network_acl_id": "acl-3c065c5a",
                            "default_route_table_id": "rtb-6bc91812",
                            "default_security_group_id": "sg-8efe7df2",
                            "dhcp_options_id": "dopt-e0acf285",
                            "enable_classiclink": "false",
                            "enable_dns_hostnames": "false",
                            "enable_dns_support": "true",
                            "id": "vpc-0457c162",
                            "instance_tenancy": "default",
                            "main_route_table_id": "rtb-6bc91812",
                            "tags.%": "1",
                            "tags.Name": "default"
                        },
                        "meta": {},
                        "tainted": false
                    },
                    "deposed": [],
                    "provider": ""
                }
            },
            "depends_on": []
        }
    ]
}
